// !$*UTF8*$!
{
	archiveVersion = 1;
	classes = {
	};
	objectVersion = 50;
	objects = {

/* Begin PBXBuildFile section */
		46D1870320F888060008FED5 /* AppDelegate.swift in Sources */ = {isa = PBXBuildFile; fileRef = 46D1870220F888060008FED5 /* AppDelegate.swift */; };
		46D1870520F888060008FED5 /* ViewController.swift in Sources */ = {isa = PBXBuildFile; fileRef = 46D1870420F888060008FED5 /* ViewController.swift */; };
		46D1870820F888060008FED5 /* Main.storyboard in Resources */ = {isa = PBXBuildFile; fileRef = 46D1870620F888060008FED5 /* Main.storyboard */; };
		46D1870B20F888070008FED5 /* TestTableCellBackground.xcdatamodeld in Sources */ = {isa = PBXBuildFile; fileRef = 46D1870920F888070008FED5 /* TestTableCellBackground.xcdatamodeld */; };
		46D1870D20F8880C0008FED5 /* Assets.xcassets in Resources */ = {isa = PBXBuildFile; fileRef = 46D1870C20F8880C0008FED5 /* Assets.xcassets */; };
		46D1871020F8880C0008FED5 /* LaunchScreen.storyboard in Resources */ = {isa = PBXBuildFile; fileRef = 46D1870E20F8880C0008FED5 /* LaunchScreen.storyboard */; };
		46D1873620F889300008FED5 /* TableViewController.swift in Sources */ = {isa = PBXBuildFile; fileRef = 46D1873520F889300008FED5 /* TableViewController.swift */; };
		46D1873820F889460008FED5 /* TableViewCell.swift in Sources */ = {isa = PBXBuildFile; fileRef = 46D1873720F889460008FED5 /* TableViewCell.swift */; };
/* End PBXBuildFile section */

/* Begin PBXContainerItemProxy section */
		46D1871720F8880D0008FED5 /* PBXContainerItemProxy */ = {
			isa = PBXContainerItemProxy;
			containerPortal = 46D186F720F888060008FED5 /* Project object */;
			proxyType = 1;
			remoteGlobalIDString = 46D186FE20F888060008FED5;
			remoteInfo = TestTableCellBackground;
		};
		46D1872220F8880D0008FED5 /* PBXContainerItemProxy */ = {
			isa = PBXContainerItemProxy;
			containerPortal = 46D186F720F888060008FED5 /* Project object */;
			proxyType = 1;
			remoteGlobalIDString = 46D186FE20F888060008FED5;
			remoteInfo = TestTableCellBackground;
		};
/* End PBXContainerItemProxy section */

/* Begin PBXFileReference section */
		46D186FF20F888060008FED5 /* TestTableCellBackground.app */ = {isa = PBXFileReference; explicitFileType = wrapper.application; includeInIndex = 0; path = TestTableCellBackground.app; sourceTree = BUILT_PRODUCTS_DIR; };
		46D1870220F888060008FED5 /* AppDelegate.swift */ = {isa = PBXFileReference; lastKnownFileType = sourcecode.swift; path = AppDelegate.swift; sourceTree = "<group>"; };
		46D1870420F888060008FED5 /* ViewController.swift */ = {isa = PBXFileReference; lastKnownFileType = sourcecode.swift; path = ViewController.swift; sourceTree = "<group>"; };
		46D1870720F888060008FED5 /* Base */ = {isa = PBXFileReference; lastKnownFileType = file.storyboard; name = Base; path = Base.lproj/Main.storyboard; sourceTree = "<group>"; };
		46D1870A20F888070008FED5 /* TestTableCellBackground.xcdatamodel */ = {isa = PBXFileReference; lastKnownFileType = wrapper.xcdatamodel; path = TestTableCellBackground.xcdatamodel; sourceTree = "<group>"; };
		46D1870C20F8880C0008FED5 /* Assets.xcassets */ = {isa = PBXFileReference; lastKnownFileType = folder.assetcatalog; path = Assets.xcassets; sourceTree = "<group>"; };
		46D1870F20F8880C0008FED5 /* Base */ = {isa = PBXFileReference; lastKnownFileType = file.storyboard; name = Base; path = Base.lproj/LaunchScreen.storyboard; sourceTree = "<group>"; };
		46D1871120F8880C0008FED5 /* Info.plist */ = {isa = PBXFileReference; lastKnownFileType = text.plist.xml; path = Info.plist; sourceTree = "<group>"; };
		46D1871620F8880D0008FED5 /* TestTableCellBackgroundTests.xctest */ = {isa = PBXFileReference; explicitFileType = wrapper.cfbundle; includeInIndex = 0; path = TestTableCellBackgroundTests.xctest; sourceTree = BUILT_PRODUCTS_DIR; };
		46D1872120F8880D0008FED5 /* TestTableCellBackgroundUITests.xctest */ = {isa = PBXFileReference; explicitFileType = wrapper.cfbundle; includeInIndex = 0; path = TestTableCellBackgroundUITests.xctest; sourceTree = BUILT_PRODUCTS_DIR; };
		46D1873520F889300008FED5 /* TableViewController.swift */ = {isa = PBXFileReference; lastKnownFileType = sourcecode.swift; path = TableViewController.swift; sourceTree = "<group>"; };
		46D1873720F889460008FED5 /* TableViewCell.swift */ = {isa = PBXFileReference; lastKnownFileType = sourcecode.swift; path = TableViewCell.swift; sourceTree = "<group>"; };
/* End PBXFileReference section */

/* Begin PBXFrameworksBuildPhase section */
		46D186FC20F888060008FED5 /* Frameworks */ = {
			isa = PBXFrameworksBuildPhase;
			buildActionMask = 2147483647;
			files = (
			);
			runOnlyForDeploymentPostprocessing = 0;
		};
		46D1871320F8880D0008FED5 /* Frameworks */ = {
			isa = PBXFrameworksBuildPhase;
			buildActionMask = 2147483647;
			files = (
			);
			runOnlyForDeploymentPostprocessing = 0;
		};
		46D1871E20F8880D0008FED5 /* Frameworks */ = {
			isa = PBXFrameworksBuildPhase;
			buildActionMask = 2147483647;
			files = (
			);
			runOnlyForDeploymentPostprocessing = 0;
		};
/* End PBXFrameworksBuildPhase section */

/* Begin PBXGroup section */
		46D186F620F888060008FED5 = {
			isa = PBXGroup;
			children = (
				46D1870120F888060008FED5 /* TestTableCellBackground */,
				46D1870020F888060008FED5 /* Products */,
			);
			sourceTree = "<group>";
		};
		46D1870020F888060008FED5 /* Products */ = {
			isa = PBXGroup;
			children = (
				46D186FF20F888060008FED5 /* TestTableCellBackground.app */,
				46D1871620F8880D0008FED5 /* TestTableCellBackgroundTests.xctest */,
				46D1872120F8880D0008FED5 /* TestTableCellBackgroundUITests.xctest */,
			);
			name = Products;
			sourceTree = "<group>";
		};
		46D1870120F888060008FED5 /* TestTableCellBackground */ = {
			isa = PBXGroup;
			children = (
				46D1870220F888060008FED5 /* AppDelegate.swift */,
				46D1870420F888060008FED5 /* ViewController.swift */,
				46D1870620F888060008FED5 /* Main.storyboard */,
				46D1870C20F8880C0008FED5 /* Assets.xcassets */,
				46D1870E20F8880C0008FED5 /* LaunchScreen.storyboard */,
				46D1871120F8880C0008FED5 /* Info.plist */,
				46D1870920F888070008FED5 /* TestTableCellBackground.xcdatamodeld */,
				46D1873520F889300008FED5 /* TableViewController.swift */,
				46D1873720F889460008FED5 /* TableViewCell.swift */,
			);
			path = TestTableCellBackground;
			sourceTree = "<group>";
		};
/* End PBXGroup section */

/* Begin PBXNativeTarget section */
		46D186FE20F888060008FED5 /* TestTableCellBackground */ = {
			isa = PBXNativeTarget;
			buildConfigurationList = 46D1872A20F8880D0008FED5 /* Build configuration list for PBXNativeTarget "TestTableCellBackground" */;
			buildPhases = (
				46D186FB20F888060008FED5 /* Sources */,
				46D186FC20F888060008FED5 /* Frameworks */,
				46D186FD20F888060008FED5 /* Resources */,
			);
			buildRules = (
			);
			dependencies = (
			);
			name = TestTableCellBackground;
			productName = TestTableCellBackground;
			productReference = 46D186FF20F888060008FED5 /* TestTableCellBackground.app */;
			productType = "com.apple.product-type.application";
		};
		46D1871520F8880D0008FED5 /* TestTableCellBackgroundTests */ = {
			isa = PBXNativeTarget;
			buildConfigurationList = 46D1872D20F8880D0008FED5 /* Build configuration list for PBXNativeTarget "TestTableCellBackgroundTests" */;
			buildPhases = (
				46D1871220F8880D0008FED5 /* Sources */,
				46D1871320F8880D0008FED5 /* Frameworks */,
				46D1871420F8880D0008FED5 /* Resources */,
			);
			buildRules = (
			);
			dependencies = (
				46D1871820F8880D0008FED5 /* PBXTargetDependency */,
			);
			name = TestTableCellBackgroundTests;
			productName = TestTableCellBackgroundTests;
			productReference = 46D1871620F8880D0008FED5 /* TestTableCellBackgroundTests.xctest */;
			productType = "com.apple.product-type.bundle.unit-test";
		};
		46D1872020F8880D0008FED5 /* TestTableCellBackgroundUITests */ = {
			isa = PBXNativeTarget;
			buildConfigurationList = 46D1873020F8880D0008FED5 /* Build configuration list for PBXNativeTarget "TestTableCellBackgroundUITests" */;
			buildPhases = (
				46D1871D20F8880D0008FED5 /* Sources */,
				46D1871E20F8880D0008FED5 /* Frameworks */,
				46D1871F20F8880D0008FED5 /* Resources */,
			);
			buildRules = (
			);
			dependencies = (
				46D1872320F8880D0008FED5 /* PBXTargetDependency */,
			);
			name = TestTableCellBackgroundUITests;
			productName = TestTableCellBackgroundUITests;
			productReference = 46D1872120F8880D0008FED5 /* TestTableCellBackgroundUITests.xctest */;
			productType = "com.apple.product-type.bundle.ui-testing";
		};
/* End PBXNativeTarget section */

/* Begin PBXProject section */
		46D186F720F888060008FED5 /* Project object */ = {
			isa = PBXProject;
			attributes = {
				LastSwiftUpdateCheck = 0940;
				LastUpgradeCheck = 0940;
				ORGANIZATIONNAME = "Antonin Karasek";
				TargetAttributes = {
					46D186FE20F888060008FED5 = {
						CreatedOnToolsVersion = 9.4.1;
					};
					46D1871520F8880D0008FED5 = {
						CreatedOnToolsVersion = 9.4.1;
						TestTargetID = 46D186FE20F888060008FED5;
					};
					46D1872020F8880D0008FED5 = {
						CreatedOnToolsVersion = 9.4.1;
						TestTargetID = 46D186FE20F888060008FED5;
					};
				};
			};
			buildConfigurationList = 46D186FA20F888060008FED5 /* Build configuration list for PBXProject "TestTableCellBackground" */;
			compatibilityVersion = "Xcode 9.3";
			developmentRegion = en;
			hasScannedForEncodings = 0;
			knownRegions = (
				en,
				Base,
			);
			mainGroup = 46D186F620F888060008FED5;
			productRefGroup = 46D1870020F888060008FED5 /* Products */;
			projectDirPath = "";
			projectRoot = "";
			targets = (
				46D186FE20F888060008FED5 /* TestTableCellBackground */,
				46D1871520F8880D0008FED5 /* TestTableCellBackgroundTests */,
				46D1872020F8880D0008FED5 /* TestTableCellBackgroundUITests */,
			);
		};
/* End PBXProject section */

/* Begin PBXResourcesBuildPhase section */
		46D186FD20F888060008FED5 /* Resources */ = {
			isa = PBXResourcesBuildPhase;
			buildActionMask = 2147483647;
			files = (
				46D1871020F8880C0008FED5 /* LaunchScreen.storyboard in Resources */,
				46D1870D20F8880C0008FED5 /* Assets.xcassets in Resources */,
				46D1870820F888060008FED5 /* Main.storyboard in Resources */,
			);
			runOnlyForDeploymentPostprocessing = 0;
		};
		46D1871420F8880D0008FED5 /* Resources */ = {
			isa = PBXResourcesBuildPhase;
			buildActionMask = 2147483647;
			files = (
			);
			runOnlyForDeploymentPostprocessing = 0;
		};
		46D1871F20F8880D0008FED5 /* Resources */ = {
			isa = PBXResourcesBuildPhase;
			buildActionMask = 2147483647;
			files = (
			);
			runOnlyForDeploymentPostprocessing = 0;
		};
/* End PBXResourcesBuildPhase section */

/* Begin PBXSourcesBuildPhase section */
		46D186FB20F888060008FED5 /* Sources */ = {
			isa = PBXSourcesBuildPhase;
			buildActionMask = 2147483647;
			files = (
				46D1873820F889460008FED5 /* TableViewCell.swift in Sources */,
				46D1870520F888060008FED5 /* ViewController.swift in Sources */,
				46D1870320F888060008FED5 /* AppDelegate.swift in Sources */,
				46D1870B20F888070008FED5 /* TestTableCellBackground.xcdatamodeld in Sources */,
				46D1873620F889300008FED5 /* TableViewController.swift in Sources */,
			);
			runOnlyForDeploymentPostprocessing = 0;
		};
		46D1871220F8880D0008FED5 /* Sources */ = {
			isa = PBXSourcesBuildPhase;
			buildActionMask = 2147483647;
			files = (
			);
			runOnlyForDeploymentPostprocessing = 0;
		};
		46D1871D20F8880D0008FED5 /* Sources */ = {
			isa = PBXSourcesBuildPhase;
			buildActionMask = 2147483647;
			files = (
			);
			runOnlyForDeploymentPostprocessing = 0;
		};
/* End PBXSourcesBuildPhase section */

/* Begin PBXTargetDependency section */
		46D1871820F8880D0008FED5 /* PBXTargetDependency */ = {
			isa = PBXTargetDependency;
			target = 46D186FE20F888060008FED5 /* TestTableCellBackground */;
			targetProxy = 46D1871720F8880D0008FED5 /* PBXContainerItemProxy */;
		};
		46D1872320F8880D0008FED5 /* PBXTargetDependency */ = {
			isa = PBXTargetDependency;
			target = 46D186FE20F888060008FED5 /* TestTableCellBackground */;
			targetProxy = 46D1872220F8880D0008FED5 /* PBXContainerItemProxy */;
		};
/* End PBXTargetDependency section */

/* Begin PBXVariantGroup section */
		46D1870620F888060008FED5 /* Main.storyboard */ = {
			isa = PBXVariantGroup;
			children = (
				46D1870720F888060008FED5 /* Base */,
			);
			name = Main.storyboard;
			sourceTree = "<group>";
		};
		46D1870E20F8880C0008FED5 /* LaunchScreen.storyboard */ = {
			isa = PBXVariantGroup;
			children = (
				46D1870F20F8880C0008FED5 /* Base */,
			);
			name = LaunchScreen.storyboard;
			sourceTree = "<group>";
		};
/* End PBXVariantGroup section */

/* Begin XCBuildConfiguration section */
		46D1872820F8880D0008FED5 /* Debug */ = {
			isa = XCBuildConfiguration;
			buildSettings = {
				ALWAYS_SEARCH_USER_PATHS = NO;
				CLANG_ANALYZER_NONNULL = YES;
				CLANG_ANALYZER_NUMBER_OBJECT_CONVERSION = YES_AGGRESSIVE;
				CLANG_CXX_LANGUAGE_STANDARD = "gnu++14";
				CLANG_CXX_LIBRARY = "libc++";
				CLANG_ENABLE_MODULES = YES;
				CLANG_ENABLE_OBJC_ARC = YES;
				CLANG_ENABLE_OBJC_WEAK = YES;
				CLANG_WARN_BLOCK_CAPTURE_AUTORELEASING = YES;
				CLANG_WARN_BOOL_CONVERSION = YES;
				CLANG_WARN_COMMA = YES;
				CLANG_WARN_CONSTANT_CONVERSION = YES;
				CLANG_WARN_DEPRECATED_OBJC_IMPLEMENTATIONS = YES;
				CLANG_WARN_DIRECT_OBJC_ISA_USAGE = YES_ERROR;
				CLANG_WARN_DOCUMENTATION_COMMENTS = YES;
				CLANG_WARN_EMPTY_BODY = YES;
				CLANG_WARN_ENUM_CONVERSION = YES;
				CLANG_WARN_INFINITE_RECURSION = YES;
				CLANG_WARN_INT_CONVERSION = YES;
				CLANG_WARN_NON_LITERAL_NULL_CONVERSION = YES;
				CLANG_WARN_OBJC_IMPLICIT_RETAIN_SELF = YES;
				CLANG_WARN_OBJC_LITERAL_CONVERSION = YES;
				CLANG_WARN_OBJC_ROOT_CLASS = YES_ERROR;
				CLANG_WARN_RANGE_LOOP_ANALYSIS = YES;
				CLANG_WARN_STRICT_PROTOTYPES = YES;
				CLANG_WARN_SUSPICIOUS_MOVE = YES;
				CLANG_WARN_UNGUARDED_AVAILABILITY = YES_AGGRESSIVE;
				CLANG_WARN_UNREACHABLE_CODE = YES;
				CLANG_WARN__DUPLICATE_METHOD_MATCH = YES;
				CODE_SIGN_IDENTITY = "iPhone Developer";
				COPY_PHASE_STRIP = NO;
				DEBUG_INFORMATION_FORMAT = dwarf;
				ENABLE_STRICT_OBJC_MSGSEND = YES;
				ENABLE_TESTABILITY = YES;
				GCC_C_LANGUAGE_STANDARD = gnu11;
				GCC_DYNAMIC_NO_PIC = NO;
				GCC_NO_COMMON_BLOCKS = YES;
				GCC_OPTIMIZATION_LEVEL = 0;
				GCC_PREPROCESSOR_DEFINITIONS = (
					"DEBUG=1",
					"$(inherited)",
				);
				GCC_WARN_64_TO_32_BIT_CONVERSION = YES;
				GCC_WARN_ABOUT_RETURN_TYPE = YES_ERROR;
				GCC_WARN_UNDECLARED_SELECTOR = YES;
				GCC_WARN_UNINITIALIZED_AUTOS = YES_AGGRESSIVE;
				GCC_WARN_UNUSED_FUNCTION = YES;
				GCC_WARN_UNUSED_VARIABLE = YES;
				IPHONEOS_DEPLOYMENT_TARGET = 11.4;
				MTL_ENABLE_DEBUG_INFO = YES;
				ONLY_ACTIVE_ARCH = YES;
				SDKROOT = iphoneos;
				SWIFT_ACTIVE_COMPILATION_CONDITIONS = DEBUG;
				SWIFT_OPTIMIZATION_LEVEL = "-Onone";
			};
			name = Debug;
		};
		46D1872920F8880D0008FED5 /* Release */ = {
			isa = XCBuildConfiguration;
			buildSettings = {
				ALWAYS_SEARCH_USER_PATHS = NO;
				CLANG_ANALYZER_NONNULL = YES;
				CLANG_ANALYZER_NUMBER_OBJECT_CONVERSION = YES_AGGRESSIVE;
				CLANG_CXX_LANGUAGE_STANDARD = "gnu++14";
				CLANG_CXX_LIBRARY = "libc++";
				CLANG_ENABLE_MODULES = YES;
				CLANG_ENABLE_OBJC_ARC = YES;
				CLANG_ENABLE_OBJC_WEAK = YES;
				CLANG_WARN_BLOCK_CAPTURE_AUTORELEASING = YES;
				CLANG_WARN_BOOL_CONVERSION = YES;
				CLANG_WARN_COMMA = YES;
				CLANG_WARN_CONSTANT_CONVERSION = YES;
				CLANG_WARN_DEPRECATED_OBJC_IMPLEMENTATIONS = YES;
				CLANG_WARN_DIRECT_OBJC_ISA_USAGE = YES_ERROR;
				CLANG_WARN_DOCUMENTATION_COMMENTS = YES;
				CLANG_WARN_EMPTY_BODY = YES;
				CLANG_WARN_ENUM_CONVERSION = YES;
				CLANG_WARN_INFINITE_RECURSION = YES;
				CLANG_WARN_INT_CONVERSION = YES;
				CLANG_WARN_NON_LITERAL_NULL_CONVERSION = YES;
				CLANG_WARN_OBJC_IMPLICIT_RETAIN_SELF = YES;
				CLANG_WARN_OBJC_LITERAL_CONVERSION = YES;
				CLANG_WARN_OBJC_ROOT_CLASS = YES_ERROR;
				CLANG_WARN_RANGE_LOOP_ANALYSIS = YES;
				CLANG_WARN_STRICT_PROTOTYPES = YES;
				CLANG_WARN_SUSPICIOUS_MOVE = YES;
				CLANG_WARN_UNGUARDED_AVAILABILITY = YES_AGGRESSIVE;
				CLANG_WARN_UNREACHABLE_CODE = YES;
				CLANG_WARN__DUPLICATE_METHOD_MATCH = YES;
				CODE_SIGN_IDENTITY = "iPhone Developer";
				COPY_PHASE_STRIP = NO;
				DEBUG_INFORMATION_FORMAT = "dwarf-with-dsym";
				ENABLE_NS_ASSERTIONS = NO;
				ENABLE_STRICT_OBJC_MSGSEND = YES;
				GCC_C_LANGUAGE_STANDARD = gnu11;
				GCC_NO_COMMON_BLOCKS = YES;
				GCC_WARN_64_TO_32_BIT_CONVERSION = YES;
				GCC_WARN_ABOUT_RETURN_TYPE = YES_ERROR;
				GCC_WARN_UNDECLARED_SELECTOR = YES;
				GCC_WARN_UNINITIALIZED_AUTOS = YES_AGGRESSIVE;
				GCC_WARN_UNUSED_FUNCTION = YES;
				GCC_WARN_UNUSED_VARIABLE = YES;
				IPHONEOS_DEPLOYMENT_TARGET = 11.4;
				MTL_ENABLE_DEBUG_INFO = NO;
				SDKROOT = iphoneos;
				SWIFT_COMPILATION_MODE = wholemodule;
				SWIFT_OPTIMIZATION_LEVEL = "-O";
				VALIDATE_PRODUCT = YES;
			};
			name = Release;
		};
		46D1872B20F8880D0008FED5 /* Debug */ = {
			isa = XCBuildConfiguration;
			buildSettings = {
				ASSETCATALOG_COMPILER_APPICON_NAME = AppIcon;
				CODE_SIGN_STYLE = Automatic;
				DEVELOPMENT_TEAM = 7986N7KSR7;
				INFOPLIST_FILE = TestTableCellBackground/Info.plist;
				LD_RUNPATH_SEARCH_PATHS = (
					"$(inherited)",
					"@executable_path/Frameworks",
				);
				PRODUCT_BUNDLE_IDENTIFIER = cz.tonysoft.TestTableCellBackground;
				PRODUCT_NAME = "$(TARGET_NAME)";
				SWIFT_VERSION = 4.0;
				TARGETED_DEVICE_FAMILY = "1,2";
			};
			name = Debug;
		};
		46D1872C20F8880D0008FED5 /* Release */ = {
			isa = XCBuildConfiguration;
			buildSettings = {
				ASSETCATALOG_COMPILER_APPICON_NAME = AppIcon;
				CODE_SIGN_STYLE = Automatic;
				DEVELOPMENT_TEAM = 7986N7KSR7;
				INFOPLIST_FILE = TestTableCellBackground/Info.plist;
				LD_RUNPATH_SEARCH_PATHS = (
					"$(inherited)",
					"@executable_path/Frameworks",
				);
				PRODUCT_BUNDLE_IDENTIFIER = cz.tonysoft.TestTableCellBackground;
				PRODUCT_NAME = "$(TARGET_NAME)";
				SWIFT_VERSION = 4.0;
				TARGETED_DEVICE_FAMILY = "1,2";
			};
			name = Release;
		};
		46D1872E20F8880D0008FED5 /* Debug */ = {
			isa = XCBuildConfiguration;
			buildSettings = {
				ALWAYS_EMBED_SWIFT_STANDARD_LIBRARIES = YES;
				BUNDLE_LOADER = "$(TEST_HOST)";
				CODE_SIGN_STYLE = Automatic;
				DEVELOPMENT_TEAM = 7986N7KSR7;
				INFOPLIST_FILE = TestTableCellBackgroundTests/Info.plist;
				LD_RUNPATH_SEARCH_PATHS = (
					"$(inherited)",
					"@executable_path/Frameworks",
					"@loader_path/Frameworks",
				);
				PRODUCT_BUNDLE_IDENTIFIER = cz.tonysoft.TestTableCellBackgroundTests;
				PRODUCT_NAME = "$(TARGET_NAME)";
				SWIFT_VERSION = 4.0;
				TARGETED_DEVICE_FAMILY = "1,2";
				TEST_HOST = "$(BUILT_PRODUCTS_DIR)/TestTableCellBackground.app/TestTableCellBackground";
			};
			name = Debug;
		};
		46D1872F20F8880D0008FED5 /* Release */ = {
			isa = XCBuildConfiguration;
			buildSettings = {
				ALWAYS_EMBED_SWIFT_STANDARD_LIBRARIES = YES;
				BUNDLE_LOADER = "$(TEST_HOST)";
				CODE_SIGN_STYLE = Automatic;
				DEVELOPMENT_TEAM = 7986N7KSR7;
				INFOPLIST_FILE = TestTableCellBackgroundTests/Info.plist;
				LD_RUNPATH_SEARCH_PATHS = (
					"$(inherited)",
					"@executable_path/Frameworks",
					"@loader_path/Frameworks",
				);
				PRODUCT_BUNDLE_IDENTIFIER = cz.tonysoft.TestTableCellBackgroundTests;
				PRODUCT_NAME = "$(TARGET_NAME)";
				SWIFT_VERSION = 4.0;
				TARGETED_DEVICE_FAMILY = "1,2";
				TEST_HOST = "$(BUILT_PRODUCTS_DIR)/TestTableCellBackground.app/TestTableCellBackground";
			};
			name = Release;
		};
		46D1873120F8880D0008FED5 /* Debug */ = {
			isa = XCBuildConfiguration;
			buildSettings = {
				ALWAYS_EMBED_SWIFT_STANDARD_LIBRARIES = YES;
				CODE_SIGN_STYLE = Automatic;
				DEVELOPMENT_TEAM = 7986N7KSR7;
				INFOPLIST_FILE = TestTableCellBackgroundUITests/Info.plist;
				LD_RUNPATH_SEARCH_PATHS = (
					"$(inherited)",
					"@executable_path/Frameworks",
					"@loader_path/Frameworks",
				);
				PRODUCT_BUNDLE_IDENTIFIER = cz.tonysoft.TestTableCellBackgroundUITests;
				PRODUCT_NAME = "$(TARGET_NAME)";
				SWIFT_VERSION = 4.0;
				TARGETED_DEVICE_FAMILY = "1,2";
				TEST_TARGET_NAME = TestTableCellBackground;
			};
			name = Debug;
		};
		46D1873220F8880D0008FED5 /* Release */ = {
			isa = XCBuildConfiguration;
			buildSettings = {
				ALWAYS_EMBED_SWIFT_STANDARD_LIBRARIES = YES;
				CODE_SIGN_STYLE = Automatic;
				DEVELOPMENT_TEAM = 7986N7KSR7;
				INFOPLIST_FILE = TestTableCellBackgroundUITests/Info.plist;
				LD_RUNPATH_SEARCH_PATHS = (
					"$(inherited)",
					"@executable_path/Frameworks",
					"@loader_path/Frameworks",
				);
				PRODUCT_BUNDLE_IDENTIFIER = cz.tonysoft.TestTableCellBackgroundUITests;
				PRODUCT_NAME = "$(TARGET_NAME)";
				SWIFT_VERSION = 4.0;
				TARGETED_DEVICE_FAMILY = "1,2";
				TEST_TARGET_NAME = TestTableCellBackground;
			};
			name = Release;
		};
/* End XCBuildConfiguration section */

/* Begin XCConfigurationList section */
		46D186FA20F888060008FED5 /* Build configuration list for PBXProject "TestTableCellBackground" */ = {
			isa = XCConfigurationList;
			buildConfigurations = (
				46D1872820F8880D0008FED5 /* Debug */,
				46D1872920F8880D0008FED5 /* Release */,
			);
			defaultConfigurationIsVisible = 0;
			defaultConfigurationName = Release;
		};
		46D1872A20F8880D0008FED5 /* Build configuration list for PBXNativeTarget "TestTableCellBackground" */ = {
			isa = XCConfigurationList;
			buildConfigurations = (
				46D1872B20F8880D0008FED5 /* Debug */,
				46D1872C20F8880D0008FED5 /* Release */,
			);
			defaultConfigurationIsVisible = 0;
			defaultConfigurationName = Release;
		};
		46D1872D20F8880D0008FED5 /* Build configuration list for PBXNativeTarget "TestTableCellBackgroundTests" */ = {
			isa = XCConfigurationList;
			buildConfigurations = (
				46D1872E20F8880D0008FED5 /* Debug */,
				46D1872F20F8880D0008FED5 /* Release */,
			);
			defaultConfigurationIsVisible = 0;
			defaultConfigurationName = Release;
		};
		46D1873020F8880D0008FED5 /* Build configuration list for PBXNativeTarget "TestTableCellBackgroundUITests" */ = {
			isa = XCConfigurationList;
			buildConfigurations = (
				46D1873120F8880D0008FED5 /* Debug */,
				46D1873220F8880D0008FED5 /* Release */,
			);
			defaultConfigurationIsVisible = 0;
			defaultConfigurationName = Release;
		};
/* End XCConfigurationList section */

/* Begin XCVersionGroup section */
		46D1870920F888070008FED5 /* TestTableCellBackground.xcdatamodeld */ = {
			isa = XCVersionGroup;
			children = (
				46D1870A20F888070008FED5 /* TestTableCellBackground.xcdatamodel */,
			);
			currentVersion = 46D1870A20F888070008FED5 /* TestTableCellBackground.xcdatamodel */;
			path = TestTableCellBackground.xcdatamodeld;
			sourceTree = "<group>";
			versionGroupType = wrapper.xcdatamodel;
		};
/* End XCVersionGroup section */
	};
	rootObject = 46D186F720F888060008FED5 /* Project object */;
}
